PODS:
  - Kingfisher (4.10.0)
  - RxCocoa (4.3.1):
    - RxSwift (~> 4.0)
  - RxSwift (4.3.1)
  - YouTubePlayer (0.4.0)

DEPENDENCIES:
  - Kingfisher
  - RxCocoa
  - RxSwift
  - YouTubePlayer

SPEC REPOS:
  https://github.com/CocoaPods/Specs.git:
    - Kingfisher
    - RxCocoa
    - RxSwift
  trunk:
    - YouTubePlayer

SPEC CHECKSUMS:
  Kingfisher: 43c4b802d8b5256cf1f4379e9cd10b329be6d3e2
  RxCocoa: 78763c7b07d02455598d9fc3c1ad091a28b73635
  RxSwift: fe0fd770a43acdb7d0a53da411c9b892e69bb6e4
  YouTubePlayer: 028451f6772f372d4759866db99824c676ac1473

PODFILE CHECKSUM: 80d4469bdc7a4c133af7513b719f91c25a7da9b8

COCOAPODS: 1.8.4
